// !$*UTF8*$!
{
	archiveVersion = 1;
	classes = {
	};
	objectVersion = 56;
	objects = {

/* Begin PBXBuildFile section */
		071D57E92AB3CB9E004762E8 /* RattingController.swift in Sources */ = {isa = PBXBuildFile; fileRef = 071D57E82AB3CB9E004762E8 /* RattingController.swift */; };
		073154C52AB8EEA7001FDFAE /* Coordinator.swift in Sources */ = {isa = PBXBuildFile; fileRef = 073154C42AB8EEA7001FDFAE /* Coordinator.swift */; };
		073154C72AB8FD1A001FDFAE /* MainNavigator.swift in Sources */ = {isa = PBXBuildFile; fileRef = 073154C62AB8FD1A001FDFAE /* MainNavigator.swift */; };
		073154CA2AB8FD53001FDFAE /* Navigator.swift in Sources */ = {isa = PBXBuildFile; fileRef = 073154C92AB8FD53001FDFAE /* Navigator.swift */; };
		073154CD2AB91890001FDFAE /* BaseViewController.swift in Sources */ = {isa = PBXBuildFile; fileRef = 073154CC2AB91890001FDFAE /* BaseViewController.swift */; };
		0766308D2AB3174A005E4751 /* SliderCell.swift in Sources */ = {isa = PBXBuildFile; fileRef = 0766308B2AB3174A005E4751 /* SliderCell.swift */; };
		0766308E2AB3174A005E4751 /* SliderCell.xib in Resources */ = {isa = PBXBuildFile; fileRef = 0766308C2AB3174A005E4751 /* SliderCell.xib */; };
		076630902AB31D21005E4751 /* UICollectionView+Extensions.swift in Sources */ = {isa = PBXBuildFile; fileRef = 0766308F2AB31D21005E4751 /* UICollectionView+Extensions.swift */; };
		076630922AB32BE4005E4751 /* UIView+Extensions.swift in Sources */ = {isa = PBXBuildFile; fileRef = 076630912AB32BE4005E4751 /* UIView+Extensions.swift */; };
		076630942AB39780005E4751 /* RatingView.swift in Sources */ = {isa = PBXBuildFile; fileRef = 076630932AB39780005E4751 /* RatingView.swift */; };
		077784D62AB715D600FC4D07 /* CustomeTabBarController.swift in Sources */ = {isa = PBXBuildFile; fileRef = 077784D52AB715D600FC4D07 /* CustomeTabBarController.swift */; };
		077784D82AB721D700FC4D07 /* UIColor+Extensions.swift in Sources */ = {isa = PBXBuildFile; fileRef = 077784D72AB721D700FC4D07 /* UIColor+Extensions.swift */; };
		077784DA2AB7252300FC4D07 /* CustomeTabBar.swift in Sources */ = {isa = PBXBuildFile; fileRef = 077784D92AB7252300FC4D07 /* CustomeTabBar.swift */; };
		079121CF2AB6213400FCC39F /* UITableView+Extensions.swift in Sources */ = {isa = PBXBuildFile; fileRef = 079121CE2AB6213400FCC39F /* UITableView+Extensions.swift */; };
		079121D22AB630AE00FCC39F /* Product.swift in Sources */ = {isa = PBXBuildFile; fileRef = 079121D12AB630AE00FCC39F /* Product.swift */; };
		07974CC62AB1EB57006943E1 /* AppDelegate.swift in Sources */ = {isa = PBXBuildFile; fileRef = 07974CC52AB1EB57006943E1 /* AppDelegate.swift */; };
		07974CC82AB1EB57006943E1 /* SceneDelegate.swift in Sources */ = {isa = PBXBuildFile; fileRef = 07974CC72AB1EB57006943E1 /* SceneDelegate.swift */; };
		07974CCF2AB1EB59006943E1 /* Assets.xcassets in Resources */ = {isa = PBXBuildFile; fileRef = 07974CCE2AB1EB59006943E1 /* Assets.xcassets */; };
		07974CD22AB1EB59006943E1 /* LaunchScreen.storyboard in Resources */ = {isa = PBXBuildFile; fileRef = 07974CD02AB1EB59006943E1 /* LaunchScreen.storyboard */; };
		07974CDD2AB1EB59006943E1 /* PizzaWorldTests.swift in Sources */ = {isa = PBXBuildFile; fileRef = 07974CDC2AB1EB59006943E1 /* PizzaWorldTests.swift */; };
		07974CE72AB1EB59006943E1 /* PizzaWorldUITests.swift in Sources */ = {isa = PBXBuildFile; fileRef = 07974CE62AB1EB59006943E1 /* PizzaWorldUITests.swift */; };
		07974CE92AB1EB5A006943E1 /* PizzaWorldUITestsLaunchTests.swift in Sources */ = {isa = PBXBuildFile; fileRef = 07974CE82AB1EB5A006943E1 /* PizzaWorldUITestsLaunchTests.swift */; };
		07974CF72AB1F0C5006943E1 /* HomeViewController.swift in Sources */ = {isa = PBXBuildFile; fileRef = 07974CF52AB1F0C5006943E1 /* HomeViewController.swift */; };
		07974CF82AB1F0C5006943E1 /* HomeViewController.xib in Resources */ = {isa = PBXBuildFile; fileRef = 07974CF62AB1F0C5006943E1 /* HomeViewController.xib */; };
		07B90F942AB60830005E6F71 /* PopularCell.swift in Sources */ = {isa = PBXBuildFile; fileRef = 07B90F922AB60830005E6F71 /* PopularCell.swift */; };
		07B90F952AB60830005E6F71 /* PopularCell.xib in Resources */ = {isa = PBXBuildFile; fileRef = 07B90F932AB60830005E6F71 /* PopularCell.xib */; };
		07F47BD92AB4D772002323C0 /* HomeViewModel.swift in Sources */ = {isa = PBXBuildFile; fileRef = 07F47BD82AB4D772002323C0 /* HomeViewModel.swift */; };
		07F47BDC2AB4F081002323C0 /* RxCocoa in Frameworks */ = {isa = PBXBuildFile; productRef = 07F47BDB2AB4F081002323C0 /* RxCocoa */; };
		07F47BDE2AB4F081002323C0 /* RxRelay in Frameworks */ = {isa = PBXBuildFile; productRef = 07F47BDD2AB4F081002323C0 /* RxRelay */; };
		07F47BE02AB4F081002323C0 /* RxSwift in Frameworks */ = {isa = PBXBuildFile; productRef = 07F47BDF2AB4F081002323C0 /* RxSwift */; };
/* End PBXBuildFile section */

/* Begin PBXContainerItemProxy section */
		07974CD92AB1EB59006943E1 /* PBXContainerItemProxy */ = {
			isa = PBXContainerItemProxy;
			containerPortal = 07974CBA2AB1EB57006943E1 /* Project object */;
			proxyType = 1;
			remoteGlobalIDString = 07974CC12AB1EB57006943E1;
			remoteInfo = PizzaWorld;
		};
		07974CE32AB1EB59006943E1 /* PBXContainerItemProxy */ = {
			isa = PBXContainerItemProxy;
			containerPortal = 07974CBA2AB1EB57006943E1 /* Project object */;
			proxyType = 1;
			remoteGlobalIDString = 07974CC12AB1EB57006943E1;
			remoteInfo = PizzaWorld;
		};
/* End PBXContainerItemProxy section */

/* Begin PBXFileReference section */
		071D57E82AB3CB9E004762E8 /* RattingController.swift */ = {isa = PBXFileReference; lastKnownFileType = sourcecode.swift; path = RattingController.swift; sourceTree = "<group>"; };
		073154C42AB8EEA7001FDFAE /* Coordinator.swift */ = {isa = PBXFileReference; lastKnownFileType = sourcecode.swift; path = Coordinator.swift; sourceTree = "<group>"; };
		073154C62AB8FD1A001FDFAE /* MainNavigator.swift */ = {isa = PBXFileReference; lastKnownFileType = sourcecode.swift; path = MainNavigator.swift; sourceTree = "<group>"; };
		073154C92AB8FD53001FDFAE /* Navigator.swift */ = {isa = PBXFileReference; lastKnownFileType = sourcecode.swift; path = Navigator.swift; sourceTree = "<group>"; };
		073154CC2AB91890001FDFAE /* BaseViewController.swift */ = {isa = PBXFileReference; lastKnownFileType = sourcecode.swift; path = BaseViewController.swift; sourceTree = "<group>"; };
		0766308B2AB3174A005E4751 /* SliderCell.swift */ = {isa = PBXFileReference; lastKnownFileType = sourcecode.swift; path = SliderCell.swift; sourceTree = "<group>"; };
		0766308C2AB3174A005E4751 /* SliderCell.xib */ = {isa = PBXFileReference; lastKnownFileType = file.xib; path = SliderCell.xib; sourceTree = "<group>"; };
		0766308F2AB31D21005E4751 /* UICollectionView+Extensions.swift */ = {isa = PBXFileReference; lastKnownFileType = sourcecode.swift; path = "UICollectionView+Extensions.swift"; sourceTree = "<group>"; };
		076630912AB32BE4005E4751 /* UIView+Extensions.swift */ = {isa = PBXFileReference; lastKnownFileType = sourcecode.swift; path = "UIView+Extensions.swift"; sourceTree = "<group>"; };
		076630932AB39780005E4751 /* RatingView.swift */ = {isa = PBXFileReference; lastKnownFileType = sourcecode.swift; path = RatingView.swift; sourceTree = "<group>"; };
		077784D52AB715D600FC4D07 /* CustomeTabBarController.swift */ = {isa = PBXFileReference; lastKnownFileType = sourcecode.swift; path = CustomeTabBarController.swift; sourceTree = "<group>"; };
		077784D72AB721D700FC4D07 /* UIColor+Extensions.swift */ = {isa = PBXFileReference; lastKnownFileType = sourcecode.swift; path = "UIColor+Extensions.swift"; sourceTree = "<group>"; };
		077784D92AB7252300FC4D07 /* CustomeTabBar.swift */ = {isa = PBXFileReference; lastKnownFileType = sourcecode.swift; path = CustomeTabBar.swift; sourceTree = "<group>"; };
		079121CE2AB6213400FCC39F /* UITableView+Extensions.swift */ = {isa = PBXFileReference; lastKnownFileType = sourcecode.swift; path = "UITableView+Extensions.swift"; sourceTree = "<group>"; };
		079121D12AB630AE00FCC39F /* Product.swift */ = {isa = PBXFileReference; lastKnownFileType = sourcecode.swift; path = Product.swift; sourceTree = "<group>"; };
		07974CC22AB1EB57006943E1 /* PizzaWorld.app */ = {isa = PBXFileReference; explicitFileType = wrapper.application; includeInIndex = 0; path = PizzaWorld.app; sourceTree = BUILT_PRODUCTS_DIR; };
		07974CC52AB1EB57006943E1 /* AppDelegate.swift */ = {isa = PBXFileReference; lastKnownFileType = sourcecode.swift; path = AppDelegate.swift; sourceTree = "<group>"; };
		07974CC72AB1EB57006943E1 /* SceneDelegate.swift */ = {isa = PBXFileReference; lastKnownFileType = sourcecode.swift; path = SceneDelegate.swift; sourceTree = "<group>"; };
		07974CCE2AB1EB59006943E1 /* Assets.xcassets */ = {isa = PBXFileReference; lastKnownFileType = folder.assetcatalog; path = Assets.xcassets; sourceTree = "<group>"; };
		07974CD12AB1EB59006943E1 /* Base */ = {isa = PBXFileReference; lastKnownFileType = file.storyboard; name = Base; path = Base.lproj/LaunchScreen.storyboard; sourceTree = "<group>"; };
		07974CD32AB1EB59006943E1 /* Info.plist */ = {isa = PBXFileReference; lastKnownFileType = text.plist.xml; path = Info.plist; sourceTree = "<group>"; };
		07974CD82AB1EB59006943E1 /* PizzaWorldTests.xctest */ = {isa = PBXFileReference; explicitFileType = wrapper.cfbundle; includeInIndex = 0; path = PizzaWorldTests.xctest; sourceTree = BUILT_PRODUCTS_DIR; };
		07974CDC2AB1EB59006943E1 /* PizzaWorldTests.swift */ = {isa = PBXFileReference; lastKnownFileType = sourcecode.swift; path = PizzaWorldTests.swift; sourceTree = "<group>"; };
		07974CE22AB1EB59006943E1 /* PizzaWorldUITests.xctest */ = {isa = PBXFileReference; explicitFileType = wrapper.cfbundle; includeInIndex = 0; path = PizzaWorldUITests.xctest; sourceTree = BUILT_PRODUCTS_DIR; };
		07974CE62AB1EB59006943E1 /* PizzaWorldUITests.swift */ = {isa = PBXFileReference; lastKnownFileType = sourcecode.swift; path = PizzaWorldUITests.swift; sourceTree = "<group>"; };
		07974CE82AB1EB5A006943E1 /* PizzaWorldUITestsLaunchTests.swift */ = {isa = PBXFileReference; lastKnownFileType = sourcecode.swift; path = PizzaWorldUITestsLaunchTests.swift; sourceTree = "<group>"; };
		07974CF52AB1F0C5006943E1 /* HomeViewController.swift */ = {isa = PBXFileReference; lastKnownFileType = sourcecode.swift; path = HomeViewController.swift; sourceTree = "<group>"; };
		07974CF62AB1F0C5006943E1 /* HomeViewController.xib */ = {isa = PBXFileReference; lastKnownFileType = file.xib; path = HomeViewController.xib; sourceTree = "<group>"; };
		07B90F922AB60830005E6F71 /* PopularCell.swift */ = {isa = PBXFileReference; lastKnownFileType = sourcecode.swift; path = PopularCell.swift; sourceTree = "<group>"; };
		07B90F932AB60830005E6F71 /* PopularCell.xib */ = {isa = PBXFileReference; lastKnownFileType = file.xib; path = PopularCell.xib; sourceTree = "<group>"; };
		07F47BD82AB4D772002323C0 /* HomeViewModel.swift */ = {isa = PBXFileReference; lastKnownFileType = sourcecode.swift; path = HomeViewModel.swift; sourceTree = "<group>"; };
/* End PBXFileReference section */

/* Begin PBXFrameworksBuildPhase section */
		07974CBF2AB1EB57006943E1 /* Frameworks */ = {
			isa = PBXFrameworksBuildPhase;
			buildActionMask = 2147483647;
			files = (
				07F47BE02AB4F081002323C0 /* RxSwift in Frameworks */,
				07F47BDE2AB4F081002323C0 /* RxRelay in Frameworks */,
				07F47BDC2AB4F081002323C0 /* RxCocoa in Frameworks */,
			);
			runOnlyForDeploymentPostprocessing = 0;
		};
		07974CD52AB1EB59006943E1 /* Frameworks */ = {
			isa = PBXFrameworksBuildPhase;
			buildActionMask = 2147483647;
			files = (
			);
			runOnlyForDeploymentPostprocessing = 0;
		};
		07974CDF2AB1EB59006943E1 /* Frameworks */ = {
			isa = PBXFrameworksBuildPhase;
			buildActionMask = 2147483647;
			files = (
			);
			runOnlyForDeploymentPostprocessing = 0;
		};
/* End PBXFrameworksBuildPhase section */

/* Begin PBXGroup section */
		073154C32AB8EBF8001FDFAE /* Utility */ = {
			isa = PBXGroup;
			children = (
				073154C82AB8FD2D001FDFAE /* Protocols */,
				073154C42AB8EEA7001FDFAE /* Coordinator.swift */,
				073154C62AB8FD1A001FDFAE /* MainNavigator.swift */,
			);
			path = Utility;
			sourceTree = "<group>";
		};
		073154C82AB8FD2D001FDFAE /* Protocols */ = {
			isa = PBXGroup;
			children = (
				073154C92AB8FD53001FDFAE /* Navigator.swift */,
			);
			path = Protocols;
			sourceTree = "<group>";
		};
		073154CB2AB917CF001FDFAE /* Base */ = {
			isa = PBXGroup;
			children = (
				073154CC2AB91890001FDFAE /* BaseViewController.swift */,
			);
			path = Base;
			sourceTree = "<group>";
		};
		077784D42AB7155400FC4D07 /* CustomeTabBar */ = {
			isa = PBXGroup;
			children = (
				077784D52AB715D600FC4D07 /* CustomeTabBarController.swift */,
				077784D92AB7252300FC4D07 /* CustomeTabBar.swift */,
			);
			path = CustomeTabBar;
			sourceTree = "<group>";
		};
		079121D02AB6309900FCC39F /* Model */ = {
			isa = PBXGroup;
			children = (
				079121D12AB630AE00FCC39F /* Product.swift */,
			);
			path = Model;
			sourceTree = "<group>";
		};
		07974CB92AB1EB57006943E1 = {
			isa = PBXGroup;
			children = (
				07974CC42AB1EB57006943E1 /* PizzaWorld */,
				07974CDB2AB1EB59006943E1 /* PizzaWorldTests */,
				07974CE52AB1EB59006943E1 /* PizzaWorldUITests */,
				07974CC32AB1EB57006943E1 /* Products */,
			);
			sourceTree = "<group>";
		};
		07974CC32AB1EB57006943E1 /* Products */ = {
			isa = PBXGroup;
			children = (
				07974CC22AB1EB57006943E1 /* PizzaWorld.app */,
				07974CD82AB1EB59006943E1 /* PizzaWorldTests.xctest */,
				07974CE22AB1EB59006943E1 /* PizzaWorldUITests.xctest */,
			);
			name = Products;
			sourceTree = "<group>";
		};
		07974CC42AB1EB57006943E1 /* PizzaWorld */ = {
			isa = PBXGroup;
			children = (
				073154CB2AB917CF001FDFAE /* Base */,
				073154C32AB8EBF8001FDFAE /* Utility */,
				079121D02AB6309900FCC39F /* Model */,
				07F47BD72AB4D753002323C0 /* ViewModel */,
				07F47BD62AB4D62C002323C0 /* UI */,
				07F47BD42AB4D573002323C0 /* Extensions */,
				07974CC52AB1EB57006943E1 /* AppDelegate.swift */,
				07974CC72AB1EB57006943E1 /* SceneDelegate.swift */,
				07974CCE2AB1EB59006943E1 /* Assets.xcassets */,
				07974CD02AB1EB59006943E1 /* LaunchScreen.storyboard */,
				07974CD32AB1EB59006943E1 /* Info.plist */,
			);
			path = PizzaWorld;
			sourceTree = "<group>";
		};
		07974CDB2AB1EB59006943E1 /* PizzaWorldTests */ = {
			isa = PBXGroup;
			children = (
				07974CDC2AB1EB59006943E1 /* PizzaWorldTests.swift */,
			);
			path = PizzaWorldTests;
			sourceTree = "<group>";
		};
		07974CE52AB1EB59006943E1 /* PizzaWorldUITests */ = {
			isa = PBXGroup;
			children = (
				07974CE62AB1EB59006943E1 /* PizzaWorldUITests.swift */,
				07974CE82AB1EB5A006943E1 /* PizzaWorldUITestsLaunchTests.swift */,
			);
			path = PizzaWorldUITests;
			sourceTree = "<group>";
		};
		07F47BD12AB4D508002323C0 /* Home */ = {
			isa = PBXGroup;
			children = (
				07F47BD32AB4D554002323C0 /* View */,
				07F47BD22AB4D515002323C0 /* Cells */,
			);
			path = Home;
			sourceTree = "<group>";
		};
		07F47BD22AB4D515002323C0 /* Cells */ = {
			isa = PBXGroup;
			children = (
				07F47BD52AB4D5B8002323C0 /* RatingView */,
				0766308B2AB3174A005E4751 /* SliderCell.swift */,
				0766308C2AB3174A005E4751 /* SliderCell.xib */,
				07B90F922AB60830005E6F71 /* PopularCell.swift */,
				07B90F932AB60830005E6F71 /* PopularCell.xib */,
			);
			path = Cells;
			sourceTree = "<group>";
		};
		07F47BD32AB4D554002323C0 /* View */ = {
			isa = PBXGroup;
			children = (
				07974CF52AB1F0C5006943E1 /* HomeViewController.swift */,
				07974CF62AB1F0C5006943E1 /* HomeViewController.xib */,
			);
			path = View;
			sourceTree = "<group>";
		};
		07F47BD42AB4D573002323C0 /* Extensions */ = {
			isa = PBXGroup;
			children = (
				0766308F2AB31D21005E4751 /* UICollectionView+Extensions.swift */,
				076630912AB32BE4005E4751 /* UIView+Extensions.swift */,
				079121CE2AB6213400FCC39F /* UITableView+Extensions.swift */,
				077784D72AB721D700FC4D07 /* UIColor+Extensions.swift */,
			);
			path = Extensions;
			sourceTree = "<group>";
		};
		07F47BD52AB4D5B8002323C0 /* RatingView */ = {
			isa = PBXGroup;
			children = (
				076630932AB39780005E4751 /* RatingView.swift */,
				071D57E82AB3CB9E004762E8 /* RattingController.swift */,
			);
			path = RatingView;
			sourceTree = "<group>";
		};
		07F47BD62AB4D62C002323C0 /* UI */ = {
			isa = PBXGroup;
			children = (
				077784D42AB7155400FC4D07 /* CustomeTabBar */,
				07F47BD12AB4D508002323C0 /* Home */,
			);
			path = UI;
			sourceTree = "<group>";
		};
		07F47BD72AB4D753002323C0 /* ViewModel */ = {
			isa = PBXGroup;
			children = (
				07F47BD82AB4D772002323C0 /* HomeViewModel.swift */,
			);
			path = ViewModel;
			sourceTree = "<group>";
		};
/* End PBXGroup section */

/* Begin PBXNativeTarget section */
		07974CC12AB1EB57006943E1 /* PizzaWorld */ = {
			isa = PBXNativeTarget;
			buildConfigurationList = 07974CEC2AB1EB5A006943E1 /* Build configuration list for PBXNativeTarget "PizzaWorld" */;
			buildPhases = (
				07974CBE2AB1EB57006943E1 /* Sources */,
				07974CBF2AB1EB57006943E1 /* Frameworks */,
				07974CC02AB1EB57006943E1 /* Resources */,
			);
			buildRules = (
			);
			dependencies = (
			);
			name = PizzaWorld;
			packageProductDependencies = (
				07F47BDB2AB4F081002323C0 /* RxCocoa */,
				07F47BDD2AB4F081002323C0 /* RxRelay */,
				07F47BDF2AB4F081002323C0 /* RxSwift */,
			);
			productName = PizzaWorld;
			productReference = 07974CC22AB1EB57006943E1 /* PizzaWorld.app */;
			productType = "com.apple.product-type.application";
		};
		07974CD72AB1EB59006943E1 /* PizzaWorldTests */ = {
			isa = PBXNativeTarget;
			buildConfigurationList = 07974CEF2AB1EB5A006943E1 /* Build configuration list for PBXNativeTarget "PizzaWorldTests" */;
			buildPhases = (
				07974CD42AB1EB59006943E1 /* Sources */,
				07974CD52AB1EB59006943E1 /* Frameworks */,
				07974CD62AB1EB59006943E1 /* Resources */,
			);
			buildRules = (
			);
			dependencies = (
				07974CDA2AB1EB59006943E1 /* PBXTargetDependency */,
			);
			name = PizzaWorldTests;
			productName = PizzaWorldTests;
			productReference = 07974CD82AB1EB59006943E1 /* PizzaWorldTests.xctest */;
			productType = "com.apple.product-type.bundle.unit-test";
		};
		07974CE12AB1EB59006943E1 /* PizzaWorldUITests */ = {
			isa = PBXNativeTarget;
			buildConfigurationList = 07974CF22AB1EB5A006943E1 /* Build configuration list for PBXNativeTarget "PizzaWorldUITests" */;
			buildPhases = (
				07974CDE2AB1EB59006943E1 /* Sources */,
				07974CDF2AB1EB59006943E1 /* Frameworks */,
				07974CE02AB1EB59006943E1 /* Resources */,
			);
			buildRules = (
			);
			dependencies = (
				07974CE42AB1EB59006943E1 /* PBXTargetDependency */,
			);
			name = PizzaWorldUITests;
			productName = PizzaWorldUITests;
			productReference = 07974CE22AB1EB59006943E1 /* PizzaWorldUITests.xctest */;
			productType = "com.apple.product-type.bundle.ui-testing";
		};
/* End PBXNativeTarget section */

/* Begin PBXProject section */
		07974CBA2AB1EB57006943E1 /* Project object */ = {
			isa = PBXProject;
			attributes = {
				BuildIndependentTargetsInParallel = 1;
				LastSwiftUpdateCheck = 1410;
				LastUpgradeCheck = 1410;
				TargetAttributes = {
					07974CC12AB1EB57006943E1 = {
						CreatedOnToolsVersion = 14.1;
					};
					07974CD72AB1EB59006943E1 = {
						CreatedOnToolsVersion = 14.1;
						TestTargetID = 07974CC12AB1EB57006943E1;
					};
					07974CE12AB1EB59006943E1 = {
						CreatedOnToolsVersion = 14.1;
						TestTargetID = 07974CC12AB1EB57006943E1;
					};
				};
			};
			buildConfigurationList = 07974CBD2AB1EB57006943E1 /* Build configuration list for PBXProject "PizzaWorld" */;
			compatibilityVersion = "Xcode 14.0";
			developmentRegion = en;
			hasScannedForEncodings = 0;
			knownRegions = (
				en,
				Base,
			);
			mainGroup = 07974CB92AB1EB57006943E1;
			packageReferences = (
				07F47BDA2AB4F081002323C0 /* XCRemoteSwiftPackageReference "RxSwift" */,
			);
			productRefGroup = 07974CC32AB1EB57006943E1 /* Products */;
			projectDirPath = "";
			projectRoot = "";
			targets = (
				07974CC12AB1EB57006943E1 /* PizzaWorld */,
				07974CD72AB1EB59006943E1 /* PizzaWorldTests */,
				07974CE12AB1EB59006943E1 /* PizzaWorldUITests */,
			);
		};
/* End PBXProject section */

/* Begin PBXResourcesBuildPhase section */
		07974CC02AB1EB57006943E1 /* Resources */ = {
			isa = PBXResourcesBuildPhase;
			buildActionMask = 2147483647;
			files = (
				07974CD22AB1EB59006943E1 /* LaunchScreen.storyboard in Resources */,
				07974CCF2AB1EB59006943E1 /* Assets.xcassets in Resources */,
				07B90F952AB60830005E6F71 /* PopularCell.xib in Resources */,
				0766308E2AB3174A005E4751 /* SliderCell.xib in Resources */,
				07974CF82AB1F0C5006943E1 /* HomeViewController.xib in Resources */,
			);
			runOnlyForDeploymentPostprocessing = 0;
		};
		07974CD62AB1EB59006943E1 /* Resources */ = {
			isa = PBXResourcesBuildPhase;
			buildActionMask = 2147483647;
			files = (
			);
			runOnlyForDeploymentPostprocessing = 0;
		};
		07974CE02AB1EB59006943E1 /* Resources */ = {
			isa = PBXResourcesBuildPhase;
			buildActionMask = 2147483647;
			files = (
			);
			runOnlyForDeploymentPostprocessing = 0;
		};
/* End PBXResourcesBuildPhase section */

/* Begin PBXSourcesBuildPhase section */
		07974CBE2AB1EB57006943E1 /* Sources */ = {
			isa = PBXSourcesBuildPhase;
			buildActionMask = 2147483647;
			files = (
				073154C52AB8EEA7001FDFAE /* Coordinator.swift in Sources */,
				076630922AB32BE4005E4751 /* UIView+Extensions.swift in Sources */,
				07F47BD92AB4D772002323C0 /* HomeViewModel.swift in Sources */,
				07974CC62AB1EB57006943E1 /* AppDelegate.swift in Sources */,
				073154CD2AB91890001FDFAE /* BaseViewController.swift in Sources */,
				07B90F942AB60830005E6F71 /* PopularCell.swift in Sources */,
				07974CC82AB1EB57006943E1 /* SceneDelegate.swift in Sources */,
				079121D22AB630AE00FCC39F /* Product.swift in Sources */,
				077784DA2AB7252300FC4D07 /* CustomeTabBar.swift in Sources */,
				073154C72AB8FD1A001FDFAE /* MainNavigator.swift in Sources */,
				076630902AB31D21005E4751 /* UICollectionView+Extensions.swift in Sources */,
				0766308D2AB3174A005E4751 /* SliderCell.swift in Sources */,
				073154CA2AB8FD53001FDFAE /* Navigator.swift in Sources */,
				079121CF2AB6213400FCC39F /* UITableView+Extensions.swift in Sources */,
				077784D62AB715D600FC4D07 /* CustomeTabBarController.swift in Sources */,
				07974CF72AB1F0C5006943E1 /* HomeViewController.swift in Sources */,
				077784D82AB721D700FC4D07 /* UIColor+Extensions.swift in Sources */,
				076630942AB39780005E4751 /* RatingView.swift in Sources */,
				071D57E92AB3CB9E004762E8 /* RattingController.swift in Sources */,
			);
			runOnlyForDeploymentPostprocessing = 0;
		};
		07974CD42AB1EB59006943E1 /* Sources */ = {
			isa = PBXSourcesBuildPhase;
			buildActionMask = 2147483647;
			files = (
				07974CDD2AB1EB59006943E1 /* PizzaWorldTests.swift in Sources */,
			);
			runOnlyForDeploymentPostprocessing = 0;
		};
		07974CDE2AB1EB59006943E1 /* Sources */ = {
			isa = PBXSourcesBuildPhase;
			buildActionMask = 2147483647;
			files = (
				07974CE92AB1EB5A006943E1 /* PizzaWorldUITestsLaunchTests.swift in Sources */,
				07974CE72AB1EB59006943E1 /* PizzaWorldUITests.swift in Sources */,
			);
			runOnlyForDeploymentPostprocessing = 0;
		};
/* End PBXSourcesBuildPhase section */

/* Begin PBXTargetDependency section */
		07974CDA2AB1EB59006943E1 /* PBXTargetDependency */ = {
			isa = PBXTargetDependency;
			target = 07974CC12AB1EB57006943E1 /* PizzaWorld */;
			targetProxy = 07974CD92AB1EB59006943E1 /* PBXContainerItemProxy */;
		};
		07974CE42AB1EB59006943E1 /* PBXTargetDependency */ = {
			isa = PBXTargetDependency;
			target = 07974CC12AB1EB57006943E1 /* PizzaWorld */;
			targetProxy = 07974CE32AB1EB59006943E1 /* PBXContainerItemProxy */;
		};
/* End PBXTargetDependency section */

/* Begin PBXVariantGroup section */
		07974CD02AB1EB59006943E1 /* LaunchScreen.storyboard */ = {
			isa = PBXVariantGroup;
			children = (
				07974CD12AB1EB59006943E1 /* Base */,
			);
			name = LaunchScreen.storyboard;
			sourceTree = "<group>";
		};
/* End PBXVariantGroup section */

/* Begin XCBuildConfiguration section */
		07974CEA2AB1EB5A006943E1 /* Debug */ = {
			isa = XCBuildConfiguration;
			buildSettings = {
				ALWAYS_SEARCH_USER_PATHS = NO;
				CLANG_ANALYZER_NONNULL = YES;
				CLANG_ANALYZER_NUMBER_OBJECT_CONVERSION = YES_AGGRESSIVE;
				CLANG_CXX_LANGUAGE_STANDARD = "gnu++20";
				CLANG_ENABLE_MODULES = YES;
				CLANG_ENABLE_OBJC_ARC = YES;
				CLANG_ENABLE_OBJC_WEAK = YES;
				CLANG_WARN_BLOCK_CAPTURE_AUTORELEASING = YES;
				CLANG_WARN_BOOL_CONVERSION = YES;
				CLANG_WARN_COMMA = YES;
				CLANG_WARN_CONSTANT_CONVERSION = YES;
				CLANG_WARN_DEPRECATED_OBJC_IMPLEMENTATIONS = YES;
				CLANG_WARN_DIRECT_OBJC_ISA_USAGE = YES_ERROR;
				CLANG_WARN_DOCUMENTATION_COMMENTS = YES;
				CLANG_WARN_EMPTY_BODY = YES;
				CLANG_WARN_ENUM_CONVERSION = YES;
				CLANG_WARN_INFINITE_RECURSION = YES;
				CLANG_WARN_INT_CONVERSION = YES;
				CLANG_WARN_NON_LITERAL_NULL_CONVERSION = YES;
				CLANG_WARN_OBJC_IMPLICIT_RETAIN_SELF = YES;
				CLANG_WARN_OBJC_LITERAL_CONVERSION = YES;
				CLANG_WARN_OBJC_ROOT_CLASS = YES_ERROR;
				CLANG_WARN_QUOTED_INCLUDE_IN_FRAMEWORK_HEADER = YES;
				CLANG_WARN_RANGE_LOOP_ANALYSIS = YES;
				CLANG_WARN_STRICT_PROTOTYPES = YES;
				CLANG_WARN_SUSPICIOUS_MOVE = YES;
				CLANG_WARN_UNGUARDED_AVAILABILITY = YES_AGGRESSIVE;
				CLANG_WARN_UNREACHABLE_CODE = YES;
				CLANG_WARN__DUPLICATE_METHOD_MATCH = YES;
				COPY_PHASE_STRIP = NO;
				DEBUG_INFORMATION_FORMAT = dwarf;
				ENABLE_STRICT_OBJC_MSGSEND = YES;
				ENABLE_TESTABILITY = YES;
				GCC_C_LANGUAGE_STANDARD = gnu11;
				GCC_DYNAMIC_NO_PIC = NO;
				GCC_NO_COMMON_BLOCKS = YES;
				GCC_OPTIMIZATION_LEVEL = 0;
				GCC_PREPROCESSOR_DEFINITIONS = (
					"DEBUG=1",
					"$(inherited)",
				);
				GCC_WARN_64_TO_32_BIT_CONVERSION = YES;
				GCC_WARN_ABOUT_RETURN_TYPE = YES_ERROR;
				GCC_WARN_UNDECLARED_SELECTOR = YES;
				GCC_WARN_UNINITIALIZED_AUTOS = YES_AGGRESSIVE;
				GCC_WARN_UNUSED_FUNCTION = YES;
				GCC_WARN_UNUSED_VARIABLE = YES;
				IPHONEOS_DEPLOYMENT_TARGET = 16.1;
				MTL_ENABLE_DEBUG_INFO = INCLUDE_SOURCE;
				MTL_FAST_MATH = YES;
				ONLY_ACTIVE_ARCH = YES;
				SDKROOT = iphoneos;
				SWIFT_ACTIVE_COMPILATION_CONDITIONS = DEBUG;
				SWIFT_OPTIMIZATION_LEVEL = "-Onone";
			};
			name = Debug;
		};
		07974CEB2AB1EB5A006943E1 /* Release */ = {
			isa = XCBuildConfiguration;
			buildSettings = {
				ALWAYS_SEARCH_USER_PATHS = NO;
				CLANG_ANALYZER_NONNULL = YES;
				CLANG_ANALYZER_NUMBER_OBJECT_CONVERSION = YES_AGGRESSIVE;
				CLANG_CXX_LANGUAGE_STANDARD = "gnu++20";
				CLANG_ENABLE_MODULES = YES;
				CLANG_ENABLE_OBJC_ARC = YES;
				CLANG_ENABLE_OBJC_WEAK = YES;
				CLANG_WARN_BLOCK_CAPTURE_AUTORELEASING = YES;
				CLANG_WARN_BOOL_CONVERSION = YES;
				CLANG_WARN_COMMA = YES;
				CLANG_WARN_CONSTANT_CONVERSION = YES;
				CLANG_WARN_DEPRECATED_OBJC_IMPLEMENTATIONS = YES;
				CLANG_WARN_DIRECT_OBJC_ISA_USAGE = YES_ERROR;
				CLANG_WARN_DOCUMENTATION_COMMENTS = YES;
				CLANG_WARN_EMPTY_BODY = YES;
				CLANG_WARN_ENUM_CONVERSION = YES;
				CLANG_WARN_INFINITE_RECURSION = YES;
				CLANG_WARN_INT_CONVERSION = YES;
				CLANG_WARN_NON_LITERAL_NULL_CONVERSION = YES;
				CLANG_WARN_OBJC_IMPLICIT_RETAIN_SELF = YES;
				CLANG_WARN_OBJC_LITERAL_CONVERSION = YES;
				CLANG_WARN_OBJC_ROOT_CLASS = YES_ERROR;
				CLANG_WARN_QUOTED_INCLUDE_IN_FRAMEWORK_HEADER = YES;
				CLANG_WARN_RANGE_LOOP_ANALYSIS = YES;
				CLANG_WARN_STRICT_PROTOTYPES = YES;
				CLANG_WARN_SUSPICIOUS_MOVE = YES;
				CLANG_WARN_UNGUARDED_AVAILABILITY = YES_AGGRESSIVE;
				CLANG_WARN_UNREACHABLE_CODE = YES;
				CLANG_WARN__DUPLICATE_METHOD_MATCH = YES;
				COPY_PHASE_STRIP = NO;
				DEBUG_INFORMATION_FORMAT = "dwarf-with-dsym";
				ENABLE_NS_ASSERTIONS = NO;
				ENABLE_STRICT_OBJC_MSGSEND = YES;
				GCC_C_LANGUAGE_STANDARD = gnu11;
				GCC_NO_COMMON_BLOCKS = YES;
				GCC_WARN_64_TO_32_BIT_CONVERSION = YES;
				GCC_WARN_ABOUT_RETURN_TYPE = YES_ERROR;
				GCC_WARN_UNDECLARED_SELECTOR = YES;
				GCC_WARN_UNINITIALIZED_AUTOS = YES_AGGRESSIVE;
				GCC_WARN_UNUSED_FUNCTION = YES;
				GCC_WARN_UNUSED_VARIABLE = YES;
				IPHONEOS_DEPLOYMENT_TARGET = 16.1;
				MTL_ENABLE_DEBUG_INFO = NO;
				MTL_FAST_MATH = YES;
				SDKROOT = iphoneos;
				SWIFT_COMPILATION_MODE = wholemodule;
				SWIFT_OPTIMIZATION_LEVEL = "-O";
				VALIDATE_PRODUCT = YES;
			};
			name = Release;
		};
		07974CED2AB1EB5A006943E1 /* Debug */ = {
			isa = XCBuildConfiguration;
			buildSettings = {
				ASSETCATALOG_COMPILER_APPICON_NAME = AppIcon;
				ASSETCATALOG_COMPILER_GLOBAL_ACCENT_COLOR_NAME = AccentColor;
				CODE_SIGN_STYLE = Automatic;
				CURRENT_PROJECT_VERSION = 1;
				DEVELOPMENT_TEAM = UQ2YS6389U;
				GENERATE_INFOPLIST_FILE = YES;
				INFOPLIST_FILE = PizzaWorld/Info.plist;
				INFOPLIST_KEY_UIApplicationSupportsIndirectInputEvents = YES;
				INFOPLIST_KEY_UILaunchStoryboardName = LaunchScreen;
				INFOPLIST_KEY_UISupportedInterfaceOrientations_iPad = "UIInterfaceOrientationPortrait UIInterfaceOrientationPortraitUpsideDown UIInterfaceOrientationLandscapeLeft UIInterfaceOrientationLandscapeRight";
				INFOPLIST_KEY_UISupportedInterfaceOrientations_iPhone = "UIInterfaceOrientationPortrait UIInterfaceOrientationLandscapeLeft UIInterfaceOrientationLandscapeRight";
				LD_RUNPATH_SEARCH_PATHS = (
					"$(inherited)",
					"@executable_path/Frameworks",
				);
				MARKETING_VERSION = 1.0;
				PRODUCT_BUNDLE_IDENTIFIER = com.OAM.PizzaWorld;
				PRODUCT_NAME = "$(TARGET_NAME)";
				SWIFT_EMIT_LOC_STRINGS = YES;
				SWIFT_VERSION = 5.0;
				TARGETED_DEVICE_FAMILY = "1,2";
			};
			name = Debug;
		};
		07974CEE2AB1EB5A006943E1 /* Release */ = {
			isa = XCBuildConfiguration;
			buildSettings = {
				ASSETCATALOG_COMPILER_APPICON_NAME = AppIcon;
				ASSETCATALOG_COMPILER_GLOBAL_ACCENT_COLOR_NAME = AccentColor;
				CODE_SIGN_STYLE = Automatic;
				CURRENT_PROJECT_VERSION = 1;
				DEVELOPMENT_TEAM = UQ2YS6389U;
				GENERATE_INFOPLIST_FILE = YES;
				INFOPLIST_FILE = PizzaWorld/Info.plist;
				INFOPLIST_KEY_UIApplicationSupportsIndirectInputEvents = YES;
				INFOPLIST_KEY_UILaunchStoryboardName = LaunchScreen;
				INFOPLIST_KEY_UISupportedInterfaceOrientations_iPad = "UIInterfaceOrientationPortrait UIInterfaceOrientationPortraitUpsideDown UIInterfaceOrientationLandscapeLeft UIInterfaceOrientationLandscapeRight";
				INFOPLIST_KEY_UISupportedInterfaceOrientations_iPhone = "UIInterfaceOrientationPortrait UIInterfaceOrientationLandscapeLeft UIInterfaceOrientationLandscapeRight";
				LD_RUNPATH_SEARCH_PATHS = (
					"$(inherited)",
					"@executable_path/Frameworks",
				);
				MARKETING_VERSION = 1.0;
				PRODUCT_BUNDLE_IDENTIFIER = com.OAM.PizzaWorld;
				PRODUCT_NAME = "$(TARGET_NAME)";
				SWIFT_EMIT_LOC_STRINGS = YES;
				SWIFT_VERSION = 5.0;
				TARGETED_DEVICE_FAMILY = "1,2";
			};
			name = Release;
		};
		07974CF02AB1EB5A006943E1 /* Debug */ = {
			isa = XCBuildConfiguration;
			buildSettings = {
				ALWAYS_EMBED_SWIFT_STANDARD_LIBRARIES = YES;
				BUNDLE_LOADER = "$(TEST_HOST)";
				CODE_SIGN_STYLE = Automatic;
				CURRENT_PROJECT_VERSION = 1;
				DEVELOPMENT_TEAM = UQ2YS6389U;
				GENERATE_INFOPLIST_FILE = YES;
				IPHONEOS_DEPLOYMENT_TARGET = 16.1;
				MARKETING_VERSION = 1.0;
				PRODUCT_BUNDLE_IDENTIFIER = com.OAM.PizzaWorldTests;
				PRODUCT_NAME = "$(TARGET_NAME)";
				SWIFT_EMIT_LOC_STRINGS = NO;
				SWIFT_VERSION = 5.0;
				TARGETED_DEVICE_FAMILY = "1,2";
				TEST_HOST = "$(BUILT_PRODUCTS_DIR)/PizzaWorld.app/$(BUNDLE_EXECUTABLE_FOLDER_PATH)/PizzaWorld";
			};
			name = Debug;
		};
		07974CF12AB1EB5A006943E1 /* Release */ = {
			isa = XCBuildConfiguration;
			buildSettings = {
				ALWAYS_EMBED_SWIFT_STANDARD_LIBRARIES = YES;
				BUNDLE_LOADER = "$(TEST_HOST)";
				CODE_SIGN_STYLE = Automatic;
				CURRENT_PROJECT_VERSION = 1;
				DEVELOPMENT_TEAM = UQ2YS6389U;
				GENERATE_INFOPLIST_FILE = YES;
				IPHONEOS_DEPLOYMENT_TARGET = 16.1;
				MARKETING_VERSION = 1.0;
				PRODUCT_BUNDLE_IDENTIFIER = com.OAM.PizzaWorldTests;
				PRODUCT_NAME = "$(TARGET_NAME)";
				SWIFT_EMIT_LOC_STRINGS = NO;
				SWIFT_VERSION = 5.0;
				TARGETED_DEVICE_FAMILY = "1,2";
				TEST_HOST = "$(BUILT_PRODUCTS_DIR)/PizzaWorld.app/$(BUNDLE_EXECUTABLE_FOLDER_PATH)/PizzaWorld";
			};
			name = Release;
		};
		07974CF32AB1EB5A006943E1 /* Debug */ = {
			isa = XCBuildConfiguration;
			buildSettings = {
				ALWAYS_EMBED_SWIFT_STANDARD_LIBRARIES = YES;
				CODE_SIGN_STYLE = Automatic;
				CURRENT_PROJECT_VERSION = 1;
				DEVELOPMENT_TEAM = UQ2YS6389U;
				GENERATE_INFOPLIST_FILE = YES;
				MARKETING_VERSION = 1.0;
				PRODUCT_BUNDLE_IDENTIFIER = com.OAM.PizzaWorldUITests;
				PRODUCT_NAME = "$(TARGET_NAME)";
				SWIFT_EMIT_LOC_STRINGS = NO;
				SWIFT_VERSION = 5.0;
				TARGETED_DEVICE_FAMILY = "1,2";
				TEST_TARGET_NAME = PizzaWorld;
			};
			name = Debug;
		};
		07974CF42AB1EB5A006943E1 /* Release */ = {
			isa = XCBuildConfiguration;
			buildSettings = {
				ALWAYS_EMBED_SWIFT_STANDARD_LIBRARIES = YES;
				CODE_SIGN_STYLE = Automatic;
				CURRENT_PROJECT_VERSION = 1;
				DEVELOPMENT_TEAM = UQ2YS6389U;
				GENERATE_INFOPLIST_FILE = YES;
				MARKETING_VERSION = 1.0;
				PRODUCT_BUNDLE_IDENTIFIER = com.OAM.PizzaWorldUITests;
				PRODUCT_NAME = "$(TARGET_NAME)";
				SWIFT_EMIT_LOC_STRINGS = NO;
				SWIFT_VERSION = 5.0;
				TARGETED_DEVICE_FAMILY = "1,2";
				TEST_TARGET_NAME = PizzaWorld;
			};
			name = Release;
		};
/* End XCBuildConfiguration section */

/* Begin XCConfigurationList section */
		07974CBD2AB1EB57006943E1 /* Build configuration list for PBXProject "PizzaWorld" */ = {
			isa = XCConfigurationList;
			buildConfigurations = (
				07974CEA2AB1EB5A006943E1 /* Debug */,
				07974CEB2AB1EB5A006943E1 /* Release */,
			);
			defaultConfigurationIsVisible = 0;
			defaultConfigurationName = Release;
		};
		07974CEC2AB1EB5A006943E1 /* Build configuration list for PBXNativeTarget "PizzaWorld" */ = {
			isa = XCConfigurationList;
			buildConfigurations = (
				07974CED2AB1EB5A006943E1 /* Debug */,
				07974CEE2AB1EB5A006943E1 /* Release */,
			);
			defaultConfigurationIsVisible = 0;
			defaultConfigurationName = Release;
		};
		07974CEF2AB1EB5A006943E1 /* Build configuration list for PBXNativeTarget "PizzaWorldTests" */ = {
			isa = XCConfigurationList;
			buildConfigurations = (
				07974CF02AB1EB5A006943E1 /* Debug */,
				07974CF12AB1EB5A006943E1 /* Release */,
			);
			defaultConfigurationIsVisible = 0;
			defaultConfigurationName = Release;
		};
		07974CF22AB1EB5A006943E1 /* Build configuration list for PBXNativeTarget "PizzaWorldUITests" */ = {
			isa = XCConfigurationList;
			buildConfigurations = (
				07974CF32AB1EB5A006943E1 /* Debug */,
				07974CF42AB1EB5A006943E1 /* Release */,
			);
			defaultConfigurationIsVisible = 0;
			defaultConfigurationName = Release;
		};
/* End XCConfigurationList section */

/* Begin XCRemoteSwiftPackageReference section */
		07F47BDA2AB4F081002323C0 /* XCRemoteSwiftPackageReference "RxSwift" */ = {
			isa = XCRemoteSwiftPackageReference;
			repositoryURL = "https://github.com/ReactiveX/RxSwift.git";
			requirement = {
				branch = main;
				kind = branch;
			};
		};
/* End XCRemoteSwiftPackageReference section */

/* Begin XCSwiftPackageProductDependency section */
		07F47BDB2AB4F081002323C0 /* RxCocoa */ = {
			isa = XCSwiftPackageProductDependency;
			package = 07F47BDA2AB4F081002323C0 /* XCRemoteSwiftPackageReference "RxSwift" */;
			productName = RxCocoa;
		};
		07F47BDD2AB4F081002323C0 /* RxRelay */ = {
			isa = XCSwiftPackageProductDependency;
			package = 07F47BDA2AB4F081002323C0 /* XCRemoteSwiftPackageReference "RxSwift" */;
			productName = RxRelay;
		};
		07F47BDF2AB4F081002323C0 /* RxSwift */ = {
			isa = XCSwiftPackageProductDependency;
			package = 07F47BDA2AB4F081002323C0 /* XCRemoteSwiftPackageReference "RxSwift" */;
			productName = RxSwift;
		};
/* End XCSwiftPackageProductDependency section */
	};
	rootObject = 07974CBA2AB1EB57006943E1 /* Project object */;
}
