{
  "pins" : [
    {
      "identity" : "rxdatasources",
      "kind" : "remoteSourceControl",
      "location" : "https://github.com/RxSwiftCommunity/RxDataSources.git",
      "state" : {
        "revision" : "90c29b48b628479097fe775ed1966d75ac374518",
        "version" : "5.0.2"
      }
    },
    {
      "identity" : "rxswift",
      "kind" : "remoteSourceControl",
      "location" : "https://github.com/ReactiveX/RxSwift.git",
      "state" : {
        "branch" : "main",
        "revision" : "2ff073fc1b9c600ac9b54734aff3348110437c19"
      }
    },
    {
      "identity" : "uitextview-placeholder",
      "kind" : "remoteSourceControl",
      "location" : "https://github.com/devxoul/UITextView-Placeholder",
      "state" : {
        "revision" : "5a133b7efc4e8dd9de91c9eada48270d90c83ef0",
        "version" : "1.4.0"
      }
    }
  ],
  "version" : 2
}
